
Microsoft Visual Studio Solution File, Format Version 12.00
# Visual Studio Version 17
VisualStudioVersion = 17.0.31903.59
MinimumVisualStudioVersion = 10.0.40219.1
Project("{2150E333-8FDC-42A3-9474-1A3956D46DE8}") = "src", "src", "{189B83E2-0886-48C5-930E-AAE82B42FBE3}"
EndProject
Project("{2150E333-8FDC-42A3-9474-1A3956D46DE8}") = "test", "test", "{A9E6A1E6-A868-46FE-BF68-35D0134DA612}"
EndProject
Project("{FAE04EC0-301F-11D3-BF4B-00C04F79EFBC}") = "AStar.Dev.Infrastructure", "src\AStar.Dev.Infrastructure\AStar.Dev.Infrastructure.csproj", "{50355E09-0DEA-47E1-ADC5-3AC7D43F5D90}"
EndProject
Project("{FAE04EC0-301F-11D3-BF4B-00C04F79EFBC}") = "AStar.Dev.Infrastructure.Tests.Unit", "test\AStar.Dev.Infrastructure.Tests.Unit\AStar.Dev.Infrastructure.Tests.Unit.csproj", "{7A2C3353-635E-492B-88F2-CDF794E2EDC8}"
EndProject
Project("{2150E333-8FDC-42A3-9474-1A3956D46DE8}") = ".github", ".github", "{3366CB97-C1AF-4584-8532-2EF255FAF051}"
	ProjectSection(SolutionItems) = preProject
		.github\dependabot.yml = .github\dependabot.yml
	EndProjectSection
EndProject
Project("{2150E333-8FDC-42A3-9474-1A3956D46DE8}") = "workflows", "workflows", "{1E87CDA9-3527-4D72-9C63-5CF259ACC7BD}"
	ProjectSection(SolutionItems) = preProject
		.github\workflows\dotnet.yml = .github\workflows\dotnet.yml
	EndProjectSection
EndProject
Global
	GlobalSection(SolutionConfigurationPlatforms) = preSolution
		Debug|Any CPU = Debug|Any CPU
		Release|Any CPU = Release|Any CPU
	EndGlobalSection
	GlobalSection(SolutionProperties) = preSolution
		HideSolutionNode = FALSE
	EndGlobalSection
	GlobalSection(NestedProjects) = preSolution
		{50355E09-0DEA-47E1-ADC5-3AC7D43F5D90} = {189B83E2-0886-48C5-930E-AAE82B42FBE3}
		{7A2C3353-635E-492B-88F2-CDF794E2EDC8} = {A9E6A1E6-A868-46FE-BF68-35D0134DA612}
		{1E87CDA9-3527-4D72-9C63-5CF259ACC7BD} = {3366CB97-C1AF-4584-8532-2EF255FAF051}
	EndGlobalSection
	GlobalSection(ProjectConfigurationPlatforms) = postSolution
		{50355E09-0DEA-47E1-ADC5-3AC7D43F5D90}.Debug|Any CPU.ActiveCfg = Debug|Any CPU
		{50355E09-0DEA-47E1-ADC5-3AC7D43F5D90}.Debug|Any CPU.Build.0 = Debug|Any CPU
		{50355E09-0DEA-47E1-ADC5-3AC7D43F5D90}.Release|Any CPU.ActiveCfg = Release|Any CPU
		{50355E09-0DEA-47E1-ADC5-3AC7D43F5D90}.Release|Any CPU.Build.0 = Release|Any CPU
		{7A2C3353-635E-492B-88F2-CDF794E2EDC8}.Debug|Any CPU.ActiveCfg = Debug|Any CPU
		{7A2C3353-635E-492B-88F2-CDF794E2EDC8}.Debug|Any CPU.Build.0 = Debug|Any CPU
		{7A2C3353-635E-492B-88F2-CDF794E2EDC8}.Release|Any CPU.ActiveCfg = Release|Any CPU
		{7A2C3353-635E-492B-88F2-CDF794E2EDC8}.Release|Any CPU.Build.0 = Release|Any CPU
	EndGlobalSection
EndGlobal
